PODS:
  - EMTransformableNavigationController (1.0.0)
  - SwiftUIDebug (0.1.0):
    - EMTransformableNavigationController

DEPENDENCIES:
  - EMTransformableNavigationController
  - SwiftUIDebug (from `../`)

EXTERNAL SOURCES:
  SwiftUIDebug:
    :path: ../

SPEC CHECKSUMS:
  EMTransformableNavigationController: 6abc22718892b5bb8c54230895e1b1023abde54f
  SwiftUIDebug: 341f2bd81b09dea453cea7be3d195c5aff7b35fe

PODFILE CHECKSUM: af0aad3c580e175100c9415c430dbf704722c13a

COCOAPODS: 1.1.1
